
Microsoft Visual Studio Solution File, Format Version 12.00
# Visual Studio Version 16
VisualStudioVersion = 16.0.30611.23
MinimumVisualStudioVersion = 10.0.40219.1
Project("{FAE04EC0-301F-11D3-BF4B-00C04F79EFBC}") = "bupg_final", "bupg_final\bupg_final.csproj", "{6520E194-1F63-404F-B44E-14A95C3F679C}"
EndProject
Global
	GlobalSection(SolutionConfigurationPlatforms) = preSolution
		Debug|Any CPU = Debug|Any CPU
		Release|Any CPU = Release|Any CPU
	EndGlobalSection
	GlobalSection(ProjectConfigurationPlatforms) = postSolution
		{6520E194-1F63-404F-B44E-14A95C3F679C}.Debug|Any CPU.ActiveCfg = Debug|Any CPU
		{6520E194-1F63-404F-B44E-14A95C3F679C}.Debug|Any CPU.Build.0 = Debug|Any CPU
		{6520E194-1F63-404F-B44E-14A95C3F679C}.Release|Any CPU.ActiveCfg = Release|Any CPU
		{6520E194-1F63-404F-B44E-14A95C3F679C}.Release|Any CPU.Build.0 = Release|Any CPU
	EndGlobalSection
	GlobalSection(SolutionProperties) = preSolution
		HideSolutionNode = FALSE
	EndGlobalSection
	GlobalSection(ExtensibilityGlobals) = postSolution
		SolutionGuid = {0977D9EE-E53C-4B2B-9F08-3A6921A785C4}
	EndGlobalSection
EndGlobal
